
Microsoft Visual Studio Solution File, Format Version 11.00
# Visual Studio 2010
Project("{2150E333-8FDC-42A3-9474-1A3956D46DE8}") = "8. Data Layer", "8. Data Layer", "{CDE40F7F-D8C3-451F-BA16-D080C0677EE5}"
EndProject
Project("{2150E333-8FDC-42A3-9474-1A3956D46DE8}") = "7. Business Layer", "7. Business Layer", "{19114198-011F-4848-AB3C-AF1B01B7797F}"
EndProject
Project("{2150E333-8FDC-42A3-9474-1A3956D46DE8}") = "9. Features", "9. Features", "{AD0C4235-A0B3-46EA-BEED-0224B829966E}"
EndProject
Project("{2150E333-8FDC-42A3-9474-1A3956D46DE8}") = "4. Model Layer", "4. Model Layer", "{AE3268BF-7EE6-4640-9069-DFA79DDDB45F}"
EndProject
Project("{2150E333-8FDC-42A3-9474-1A3956D46DE8}") = "5. Application Layer", "5. Application Layer", "{83A81C59-3043-491C-92BD-B717E287B252}"
EndProject
Project("{2150E333-8FDC-42A3-9474-1A3956D46DE8}") = "6. Service Layer", "6. Service Layer", "{75DED2BA-BFE6-4615-AADF-697AF5106240}"
EndProject
Project("{2150E333-8FDC-42A3-9474-1A3956D46DE8}") = "0. Web Application Layer", "0. Web Application Layer", "{F67D6394-10C0-43E4-90AF-C021228BD616}"
EndProject
Project("{2150E333-8FDC-42A3-9474-1A3956D46DE8}") = "99. External Scripts", "99. External Scripts", "{DEDE4C42-1749-4E0A-948D-68569CA240DA}"
EndProject
Project("{2150E333-8FDC-42A3-9474-1A3956D46DE8}") = "T1. Test Layer", "T1. Test Layer", "{69BBF6B5-4337-42FE-B309-BE426CDA00E6}"
EndProject
Project("{FAE04EC0-301F-11D3-BF4B-00C04F79EFBC}") = "Solid.Data.Resources", "GeneratedCode/Resources\Solid.Data.Resources.csproj", "{66631078-E6FC-41CB-9441-6AAACFCD89E0}"
EndProject
Project("{FAE04EC0-301F-11D3-BF4B-00C04F79EFBC}") = "Solid.Data.DataObjects", "GeneratedCode/DataLayer\Solid.Data.DataObjects.csproj", "{627B81F1-9A5E-4CAB-B153-EDC596BA83F0}"
EndProject
Project("{FAE04EC0-301F-11D3-BF4B-00C04F79EFBC}") = "Solid.Data", "GeneratedCode/DataLayer\Solid.Data.csproj", "{F6727353-2D14-4915-A97E-C1AF2787AE5C}"
EndProject
Project("{FAE04EC0-301F-11D3-BF4B-00C04F79EFBC}") = "Solid.Data.DataProviders", "GeneratedCode/DataLayerDataProviders\Solid.Data.DataProviders.csproj", "{37911B71-59AF-42D6-8DC5-816487D0DC4E}"
EndProject
Project("{FAE04EC0-301F-11D3-BF4B-00C04F79EFBC}") = "Solid.Data.DeleteHandlers", "GeneratedCode/DataLayerDeleteHandlers\Solid.Data.DeleteHandlers.csproj", "{95268A3E-8ABC-47A5-84D4-7DA69F9F1785}"
EndProject
Project("{FAE04EC0-301F-11D3-BF4B-00C04F79EFBC}") = "Solid.Data.DataProviders.Custom", "CustomCode/DataLayerDataProviders\Custom\Solid.Data.DataProviders.Custom.csproj", "{4E7991D2-2B84-426C-947B-17DDBD0E4701}"
EndProject
Project("{FAE04EC0-301F-11D3-BF4B-00C04F79EFBC}") = "Solid.Data.SqlClient", "GeneratedCode/DataLayer\Solid.Data.SqlClient.csproj", "{9DE3DD4D-F46E-4B4D-9E2D-83A97CD52C98}"
EndProject
Project("{FAE04EC0-301F-11D3-BF4B-00C04F79EFBC}") = "Solid.BusinessLayer", "GeneratedCode/BusinessLayer\Solid.BusinessLayer.csproj", "{156CD422-5621-4E6B-8610-E23F8B08D4D0}"
EndProject
Project("{FAE04EC0-301F-11D3-BF4B-00C04F79EFBC}") = "Solid.BusinessLayer.ORMSupportClasses", "GeneratedCode/BusinessLayer\Solid.BusinessLayer.ORMSupportClasses.csproj", "{70E37A60-34C4-4282-ABCC-76C6EE28B92A}"
EndProject
Project("{FAE04EC0-301F-11D3-BF4B-00C04F79EFBC}") = "Solid.Features.Security.Common", "GeneratedCode/Features/Security/Common\Solid.Features.Security.Common.csproj", "{87F91005-7D93-40D4-8759-A41BBCDCAED1}"
EndProject
Project("{FAE04EC0-301F-11D3-BF4B-00C04F79EFBC}") = "Solid.Features.Security.DataLayer", "GeneratedCode/Features/Security/DataLayer\Solid.Features.Security.DataLayer.csproj", "{FFE72C4F-4D85-4A61-90D3-C76796945F13}"
EndProject
Project("{FAE04EC0-301F-11D3-BF4B-00C04F79EFBC}") = "Solid.BusinessLayer.Components.Server", "GeneratedCode/BusinessLayerServerComponents\Solid.BusinessLayer.Components.Server.csproj", "{1DD625C0-4E21-47DC-97E8-AFCDD69CF722}"
EndProject
Project("{FAE04EC0-301F-11D3-BF4B-00C04F79EFBC}") = "Solid.BusinessLayer.Components.Server.Extensions", "GeneratedCode/BusinessLayerServerComponentsExtensions\Solid.BusinessLayer.Components.Server.Extensions.csproj", "{2F6295DA-0203-4C1B-9C81-2F6126C5DC65}"
EndProject
Project("{FAE04EC0-301F-11D3-BF4B-00C04F79EFBC}") = "Solid.BusinessLayer.Components.Client", "GeneratedCode/BusinessLayerClientComponents\Solid.BusinessLayer.Components.Client.csproj", "{4DAAAFB8-0096-464E-AAB7-A320A67DEF9A}"
EndProject
Project("{FAE04EC0-301F-11D3-BF4B-00C04F79EFBC}") = "Solid.Client.Model", "GeneratedCode/ModelLayer\Solid.Client.Model.csproj", "{3DFBAFE2-CC7A-4A67-B34B-413470D479DB}"
EndProject
Project("{FAE04EC0-301F-11D3-BF4B-00C04F79EFBC}") = "Solid.ApplicationLayer", "GeneratedCode/ApplicationLayer\Solid.ApplicationLayer.csproj", "{B20A0A0B-461E-4214-8C89-C224F023416A}"
EndProject
Project("{FAE04EC0-301F-11D3-BF4B-00C04F79EFBC}") = "Solid.Features.Security.ServiceLayer", "GeneratedCode/Features/Security/ServiceLayer\Solid.Features.Security.ServiceLayer.csproj", "{8370E0A9-2896-43FC-B972-16FF5E054163}"
EndProject
Project("{FAE04EC0-301F-11D3-BF4B-00C04F79EFBC}") = "Solid.Features.Security.BusinessLayer", "GeneratedCode/Features/Security/BusinessLayer\Solid.Features.Security.BusinessLayer.csproj", "{8E73429C-F32A-45FF-8045-2AF0FCBF5DDF}"
EndProject
Project("{FAE04EC0-301F-11D3-BF4B-00C04F79EFBC}") = "Solid.ServiceLayer", "GeneratedCode/ServiceLayer\Solid.ServiceLayer.csproj", "{782CFF06-3FB4-422B-913C-E9428C123598}"
EndProject
Project("{FAE04EC0-301F-11D3-BF4B-00C04F79EFBC}") = "Solid.Application.Web", "GeneratedCode/WebApplicationLayer\Solid.Application.Web.csproj", "{6FB6BBCD-BF11-4448-8125-914F6CF67D38}"
EndProject
Project("{FAE04EC0-301F-11D3-BF4B-00C04F79EFBC}") = "Solid.Application.Web.Custom", "CustomCode/WebApplicationLayer\Solid.Application.Web.custom.csproj", "{7925E1FE-977A-45E6-8C7F-10F9B0E17581}"
EndProject
Project("{FAE04EC0-301F-11D3-BF4B-00C04F79EFBC}") = "Solid.ConstructViews", "GeneratedCode/ConstructViews\Solid.ConstructViews.csproj", "{4BD8906D-AA3C-414A-BB93-1DCCFF76877A}"
EndProject
Project("{FAE04EC0-301F-11D3-BF4B-00C04F79EFBC}") = "Solid.Tests.Common", "GeneratedCode/TestLayer/Tests/Common\Solid.Tests.Common.csproj", "{DE4DE307-666F-4B70-995F-611218663865}"
EndProject
Project("{FAE04EC0-301F-11D3-BF4B-00C04F79EFBC}") = "Solid.Tests.Api", "GeneratedCode/TestLayer/Tests/Api\Solid.Tests.Api.csproj", "{2368A2B8-BB48-4AC3-8FFE-601EAFC89E8F}"
EndProject
Global
	GlobalSection(SolutionConfigurationPlatforms) = preSolution
		Debug|Any CPU = Debug|Any CPU
		Release|Any CPU = Release|Any CPU
	EndGlobalSection
	GlobalSection(ProjectConfigurationPlatforms) = postSolution
		{66631078-E6FC-41CB-9441-6AAACFCD89E0}.Debug|Any CPU.ActiveCfg = Debug|Any CPU
		{66631078-E6FC-41CB-9441-6AAACFCD89E0}.Debug|Any CPU.Build.0 = Debug|Any CPU
		{66631078-E6FC-41CB-9441-6AAACFCD89E0}.Release|Any CPU.ActiveCfg = Release|Any CPU
		{66631078-E6FC-41CB-9441-6AAACFCD89E0}.Release|Any CPU.Build.0 = Release|Any CPU
		{627B81F1-9A5E-4CAB-B153-EDC596BA83F0}.Debug|Any CPU.ActiveCfg = Debug|Any CPU
		{627B81F1-9A5E-4CAB-B153-EDC596BA83F0}.Debug|Any CPU.Build.0 = Debug|Any CPU
		{627B81F1-9A5E-4CAB-B153-EDC596BA83F0}.Release|Any CPU.ActiveCfg = Release|Any CPU
		{627B81F1-9A5E-4CAB-B153-EDC596BA83F0}.Release|Any CPU.Build.0 = Release|Any CPU
		{F6727353-2D14-4915-A97E-C1AF2787AE5C}.Debug|Any CPU.ActiveCfg = Debug|Any CPU
		{F6727353-2D14-4915-A97E-C1AF2787AE5C}.Debug|Any CPU.Build.0 = Debug|Any CPU
		{F6727353-2D14-4915-A97E-C1AF2787AE5C}.Release|Any CPU.ActiveCfg = Release|Any CPU
		{F6727353-2D14-4915-A97E-C1AF2787AE5C}.Release|Any CPU.Build.0 = Release|Any CPU
		{37911B71-59AF-42D6-8DC5-816487D0DC4E}.Debug|Any CPU.ActiveCfg = Debug|Any CPU
		{37911B71-59AF-42D6-8DC5-816487D0DC4E}.Debug|Any CPU.Build.0 = Debug|Any CPU
		{37911B71-59AF-42D6-8DC5-816487D0DC4E}.Release|Any CPU.ActiveCfg = Release|Any CPU
		{37911B71-59AF-42D6-8DC5-816487D0DC4E}.Release|Any CPU.Build.0 = Release|Any CPU
		{95268A3E-8ABC-47A5-84D4-7DA69F9F1785}.Debug|Any CPU.ActiveCfg = Debug|Any CPU
		{95268A3E-8ABC-47A5-84D4-7DA69F9F1785}.Debug|Any CPU.Build.0 = Debug|Any CPU
		{95268A3E-8ABC-47A5-84D4-7DA69F9F1785}.Release|Any CPU.ActiveCfg = Release|Any CPU
		{95268A3E-8ABC-47A5-84D4-7DA69F9F1785}.Release|Any CPU.Build.0 = Release|Any CPU
		{4E7991D2-2B84-426C-947B-17DDBD0E4701}.Debug|Any CPU.ActiveCfg = Debug|Any CPU
		{4E7991D2-2B84-426C-947B-17DDBD0E4701}.Debug|Any CPU.Build.0 = Debug|Any CPU
		{4E7991D2-2B84-426C-947B-17DDBD0E4701}.Release|Any CPU.ActiveCfg = Release|Any CPU
		{4E7991D2-2B84-426C-947B-17DDBD0E4701}.Release|Any CPU.Build.0 = Release|Any CPU
		{9DE3DD4D-F46E-4B4D-9E2D-83A97CD52C98}.Debug|Any CPU.ActiveCfg = Debug|Any CPU
		{9DE3DD4D-F46E-4B4D-9E2D-83A97CD52C98}.Debug|Any CPU.Build.0 = Debug|Any CPU
		{9DE3DD4D-F46E-4B4D-9E2D-83A97CD52C98}.Release|Any CPU.ActiveCfg = Release|Any CPU
		{9DE3DD4D-F46E-4B4D-9E2D-83A97CD52C98}.Release|Any CPU.Build.0 = Release|Any CPU
		{156CD422-5621-4E6B-8610-E23F8B08D4D0}.Debug|Any CPU.ActiveCfg = Debug|Any CPU
		{156CD422-5621-4E6B-8610-E23F8B08D4D0}.Debug|Any CPU.Build.0 = Debug|Any CPU
		{156CD422-5621-4E6B-8610-E23F8B08D4D0}.Release|Any CPU.ActiveCfg = Release|Any CPU
		{156CD422-5621-4E6B-8610-E23F8B08D4D0}.Release|Any CPU.Build.0 = Release|Any CPU
		{70E37A60-34C4-4282-ABCC-76C6EE28B92A}.Debug|Any CPU.ActiveCfg = Debug|Any CPU
		{70E37A60-34C4-4282-ABCC-76C6EE28B92A}.Debug|Any CPU.Build.0 = Debug|Any CPU
		{70E37A60-34C4-4282-ABCC-76C6EE28B92A}.Release|Any CPU.ActiveCfg = Release|Any CPU
		{70E37A60-34C4-4282-ABCC-76C6EE28B92A}.Release|Any CPU.Build.0 = Release|Any CPU
		{87F91005-7D93-40D4-8759-A41BBCDCAED1}.Debug|Any CPU.ActiveCfg = Debug|Any CPU
		{87F91005-7D93-40D4-8759-A41BBCDCAED1}.Debug|Any CPU.Build.0 = Debug|Any CPU
		{87F91005-7D93-40D4-8759-A41BBCDCAED1}.Release|Any CPU.ActiveCfg = Release|Any CPU
		{87F91005-7D93-40D4-8759-A41BBCDCAED1}.Release|Any CPU.Build.0 = Release|Any CPU
		{FFE72C4F-4D85-4A61-90D3-C76796945F13}.Debug|Any CPU.ActiveCfg = Debug|Any CPU
		{FFE72C4F-4D85-4A61-90D3-C76796945F13}.Debug|Any CPU.Build.0 = Debug|Any CPU
		{FFE72C4F-4D85-4A61-90D3-C76796945F13}.Release|Any CPU.ActiveCfg = Release|Any CPU
		{FFE72C4F-4D85-4A61-90D3-C76796945F13}.Release|Any CPU.Build.0 = Release|Any CPU
		{1DD625C0-4E21-47DC-97E8-AFCDD69CF722}.Debug|Any CPU.ActiveCfg = Debug|Any CPU
		{1DD625C0-4E21-47DC-97E8-AFCDD69CF722}.Debug|Any CPU.Build.0 = Debug|Any CPU
		{1DD625C0-4E21-47DC-97E8-AFCDD69CF722}.Release|Any CPU.ActiveCfg = Release|Any CPU
		{1DD625C0-4E21-47DC-97E8-AFCDD69CF722}.Release|Any CPU.Build.0 = Release|Any CPU
		{2F6295DA-0203-4C1B-9C81-2F6126C5DC65}.Debug|Any CPU.ActiveCfg = Debug|Any CPU
		{2F6295DA-0203-4C1B-9C81-2F6126C5DC65}.Debug|Any CPU.Build.0 = Debug|Any CPU
		{2F6295DA-0203-4C1B-9C81-2F6126C5DC65}.Release|Any CPU.ActiveCfg = Release|Any CPU
		{2F6295DA-0203-4C1B-9C81-2F6126C5DC65}.Release|Any CPU.Build.0 = Release|Any CPU
		{4DAAAFB8-0096-464E-AAB7-A320A67DEF9A}.Debug|Any CPU.ActiveCfg = Debug|Any CPU
		{4DAAAFB8-0096-464E-AAB7-A320A67DEF9A}.Debug|Any CPU.Build.0 = Debug|Any CPU
		{4DAAAFB8-0096-464E-AAB7-A320A67DEF9A}.Release|Any CPU.ActiveCfg = Release|Any CPU
		{4DAAAFB8-0096-464E-AAB7-A320A67DEF9A}.Release|Any CPU.Build.0 = Release|Any CPU
		{3DFBAFE2-CC7A-4A67-B34B-413470D479DB}.Debug|Any CPU.ActiveCfg = Debug|Any CPU
		{3DFBAFE2-CC7A-4A67-B34B-413470D479DB}.Debug|Any CPU.Build.0 = Debug|Any CPU
		{3DFBAFE2-CC7A-4A67-B34B-413470D479DB}.Release|Any CPU.ActiveCfg = Release|Any CPU
		{3DFBAFE2-CC7A-4A67-B34B-413470D479DB}.Release|Any CPU.Build.0 = Release|Any CPU
		{B20A0A0B-461E-4214-8C89-C224F023416A}.Debug|Any CPU.ActiveCfg = Debug|Any CPU
		{B20A0A0B-461E-4214-8C89-C224F023416A}.Debug|Any CPU.Build.0 = Debug|Any CPU
		{B20A0A0B-461E-4214-8C89-C224F023416A}.Release|Any CPU.ActiveCfg = Release|Any CPU
		{B20A0A0B-461E-4214-8C89-C224F023416A}.Release|Any CPU.Build.0 = Release|Any CPU
		{8370E0A9-2896-43FC-B972-16FF5E054163}.Debug|Any CPU.ActiveCfg = Debug|Any CPU
		{8370E0A9-2896-43FC-B972-16FF5E054163}.Debug|Any CPU.Build.0 = Debug|Any CPU
		{8370E0A9-2896-43FC-B972-16FF5E054163}.Release|Any CPU.ActiveCfg = Release|Any CPU
		{8370E0A9-2896-43FC-B972-16FF5E054163}.Release|Any CPU.Build.0 = Release|Any CPU
		{8E73429C-F32A-45FF-8045-2AF0FCBF5DDF}.Debug|Any CPU.ActiveCfg = Debug|Any CPU
		{8E73429C-F32A-45FF-8045-2AF0FCBF5DDF}.Debug|Any CPU.Build.0 = Debug|Any CPU
		{8E73429C-F32A-45FF-8045-2AF0FCBF5DDF}.Release|Any CPU.ActiveCfg = Release|Any CPU
		{8E73429C-F32A-45FF-8045-2AF0FCBF5DDF}.Release|Any CPU.Build.0 = Release|Any CPU
		{782CFF06-3FB4-422B-913C-E9428C123598}.Debug|Any CPU.ActiveCfg = Debug|Any CPU
		{782CFF06-3FB4-422B-913C-E9428C123598}.Debug|Any CPU.Build.0 = Debug|Any CPU
		{782CFF06-3FB4-422B-913C-E9428C123598}.Release|Any CPU.ActiveCfg = Release|Any CPU
		{782CFF06-3FB4-422B-913C-E9428C123598}.Release|Any CPU.Build.0 = Release|Any CPU
		{6FB6BBCD-BF11-4448-8125-914F6CF67D38}.Debug|Any CPU.ActiveCfg = Debug|Any CPU
		{6FB6BBCD-BF11-4448-8125-914F6CF67D38}.Debug|Any CPU.Build.0 = Debug|Any CPU
		{6FB6BBCD-BF11-4448-8125-914F6CF67D38}.Release|Any CPU.ActiveCfg = Release|Any CPU
		{6FB6BBCD-BF11-4448-8125-914F6CF67D38}.Release|Any CPU.Build.0 = Release|Any CPU
		{7925E1FE-977A-45E6-8C7F-10F9B0E17581}.Debug|Any CPU.ActiveCfg = Debug|Any CPU
		{7925E1FE-977A-45E6-8C7F-10F9B0E17581}.Debug|Any CPU.Build.0 = Debug|Any CPU
		{7925E1FE-977A-45E6-8C7F-10F9B0E17581}.Release|Any CPU.ActiveCfg = Release|Any CPU
		{7925E1FE-977A-45E6-8C7F-10F9B0E17581}.Release|Any CPU.Build.0 = Release|Any CPU
		{4BD8906D-AA3C-414A-BB93-1DCCFF76877A}.Debug|Any CPU.ActiveCfg = Debug|Any CPU
		{4BD8906D-AA3C-414A-BB93-1DCCFF76877A}.Debug|Any CPU.Build.0 = Debug|Any CPU
		{4BD8906D-AA3C-414A-BB93-1DCCFF76877A}.Release|Any CPU.ActiveCfg = Release|Any CPU
		{4BD8906D-AA3C-414A-BB93-1DCCFF76877A}.Release|Any CPU.Build.0 = Release|Any CPU
		{DE4DE307-666F-4B70-995F-611218663865}.Debug|Any CPU.ActiveCfg = Debug|Any CPU
		{DE4DE307-666F-4B70-995F-611218663865}.Debug|Any CPU.Build.0 = Debug|Any CPU
		{DE4DE307-666F-4B70-995F-611218663865}.Release|Any CPU.ActiveCfg = Release|Any CPU
		{DE4DE307-666F-4B70-995F-611218663865}.Release|Any CPU.Build.0 = Release|Any CPU
		{2368A2B8-BB48-4AC3-8FFE-601EAFC89E8F}.Debug|Any CPU.ActiveCfg = Debug|Any CPU
		{2368A2B8-BB48-4AC3-8FFE-601EAFC89E8F}.Debug|Any CPU.Build.0 = Debug|Any CPU
		{2368A2B8-BB48-4AC3-8FFE-601EAFC89E8F}.Release|Any CPU.ActiveCfg = Release|Any CPU
		{2368A2B8-BB48-4AC3-8FFE-601EAFC89E8F}.Release|Any CPU.Build.0 = Release|Any CPU
	EndGlobalSection
	GlobalSection(SolutionProperties) = preSolution
		HideSolutionNode = FALSE
	EndGlobalSection
	GlobalSection(NestedProjects) = preSolution
		{66631078-E6FC-41CB-9441-6AAACFCD89E0} = {CDE40F7F-D8C3-451F-BA16-D080C0677EE5}
		{627B81F1-9A5E-4CAB-B153-EDC596BA83F0} = {CDE40F7F-D8C3-451F-BA16-D080C0677EE5}
		{F6727353-2D14-4915-A97E-C1AF2787AE5C} = {CDE40F7F-D8C3-451F-BA16-D080C0677EE5}
		{37911B71-59AF-42D6-8DC5-816487D0DC4E} = {CDE40F7F-D8C3-451F-BA16-D080C0677EE5}
		{95268A3E-8ABC-47A5-84D4-7DA69F9F1785} = {CDE40F7F-D8C3-451F-BA16-D080C0677EE5}
		{4E7991D2-2B84-426C-947B-17DDBD0E4701} = {CDE40F7F-D8C3-451F-BA16-D080C0677EE5}
		{9DE3DD4D-F46E-4B4D-9E2D-83A97CD52C98} = {CDE40F7F-D8C3-451F-BA16-D080C0677EE5}
		{156CD422-5621-4E6B-8610-E23F8B08D4D0} = {19114198-011F-4848-AB3C-AF1B01B7797F}
		{70E37A60-34C4-4282-ABCC-76C6EE28B92A} = {19114198-011F-4848-AB3C-AF1B01B7797F}
		{87F91005-7D93-40D4-8759-A41BBCDCAED1} = {AD0C4235-A0B3-46EA-BEED-0224B829966E}
		{FFE72C4F-4D85-4A61-90D3-C76796945F13} = {AD0C4235-A0B3-46EA-BEED-0224B829966E}
		{1DD625C0-4E21-47DC-97E8-AFCDD69CF722} = {19114198-011F-4848-AB3C-AF1B01B7797F}
		{2F6295DA-0203-4C1B-9C81-2F6126C5DC65} = {19114198-011F-4848-AB3C-AF1B01B7797F}
		{4DAAAFB8-0096-464E-AAB7-A320A67DEF9A} = {19114198-011F-4848-AB3C-AF1B01B7797F}
		{3DFBAFE2-CC7A-4A67-B34B-413470D479DB} = {AE3268BF-7EE6-4640-9069-DFA79DDDB45F}
		{B20A0A0B-461E-4214-8C89-C224F023416A} = {83A81C59-3043-491C-92BD-B717E287B252}
		{8370E0A9-2896-43FC-B972-16FF5E054163} = {AD0C4235-A0B3-46EA-BEED-0224B829966E}
		{8E73429C-F32A-45FF-8045-2AF0FCBF5DDF} = {AD0C4235-A0B3-46EA-BEED-0224B829966E}
		{782CFF06-3FB4-422B-913C-E9428C123598} = {75DED2BA-BFE6-4615-AADF-697AF5106240}
		{6FB6BBCD-BF11-4448-8125-914F6CF67D38} = {F67D6394-10C0-43E4-90AF-C021228BD616}
		{7925E1FE-977A-45E6-8C7F-10F9B0E17581} = {F67D6394-10C0-43E4-90AF-C021228BD616}
		{4BD8906D-AA3C-414A-BB93-1DCCFF76877A} = {DEDE4C42-1749-4E0A-948D-68569CA240DA}
		{DE4DE307-666F-4B70-995F-611218663865} = {69BBF6B5-4337-42FE-B309-BE426CDA00E6}
		{2368A2B8-BB48-4AC3-8FFE-601EAFC89E8F} = {69BBF6B5-4337-42FE-B309-BE426CDA00E6}
	EndGlobalSection
EndGlobal
